// !$*UTF8*$!
{
	archiveVersion = 1;
	classes = {
	};
	objectVersion = 46;
	objects = {

/* Begin PBXBuildFile section */
		7FC970D71C71C62600641699 /* AppDelegate.m in Sources */ = {isa = PBXBuildFile; fileRef = 7FC970D61C71C62600641699 /* AppDelegate.m */; };
		7FC970DA1C71C62600641699 /* main.m in Sources */ = {isa = PBXBuildFile; fileRef = 7FC970D91C71C62600641699 /* main.m */; };
		7FC970DC1C71C62600641699 /* Assets.xcassets in Resources */ = {isa = PBXBuildFile; fileRef = 7FC970DB1C71C62600641699 /* Assets.xcassets */; };
		7FC970DF1C71C62600641699 /* MainMenu.xib in Resources */ = {isa = PBXBuildFile; fileRef = 7FC970DD1C71C62600641699 /* MainMenu.xib */; };
		7FC970E71C71C63E00641699 /* OpenGL.framework in Frameworks */ = {isa = PBXBuildFile; fileRef = 7FC970E61C71C63E00641699 /* OpenGL.framework */; };
		7FC970E91C71C6E300641699 /* MyOpenGLView.m in Sources */ = {isa = PBXBuildFile; fileRef = 7FC970E81C71C6E300641699 /* MyOpenGLView.m */; };
/* End PBXBuildFile section */

/* Begin PBXFileReference section */
		7FC970D21C71C62600641699 /* GoldenTriangle.app */ = {isa = PBXFileReference; explicitFileType = wrapper.application; includeInIndex = 0; path = GoldenTriangle.app; sourceTree = BUILT_PRODUCTS_DIR; };
		7FC970D51C71C62600641699 /* AppDelegate.h */ = {isa = PBXFileReference; lastKnownFileType = sourcecode.c.h; path = AppDelegate.h; sourceTree = "<group>"; };
		7FC970D61C71C62600641699 /* AppDelegate.m */ = {isa = PBXFileReference; lastKnownFileType = sourcecode.c.objc; path = AppDelegate.m; sourceTree = "<group>"; };
		7FC970D91C71C62600641699 /* main.m */ = {isa = PBXFileReference; lastKnownFileType = sourcecode.c.objc; path = main.m; sourceTree = "<group>"; };
		7FC970DB1C71C62600641699 /* Assets.xcassets */ = {isa = PBXFileReference; lastKnownFileType = folder.assetcatalog; path = Assets.xcassets; sourceTree = "<group>"; };
		7FC970DE1C71C62600641699 /* Base */ = {isa = PBXFileReference; lastKnownFileType = file.xib; name = Base; path = Base.lproj/MainMenu.xib; sourceTree = "<group>"; };
		7FC970E01C71C62600641699 /* Info.plist */ = {isa = PBXFileReference; lastKnownFileType = text.plist.xml; path = Info.plist; sourceTree = "<group>"; };
		7FC970E61C71C63E00641699 /* OpenGL.framework */ = {isa = PBXFileReference; lastKnownFileType = wrapper.framework; name = OpenGL.framework; path = System/Library/Frameworks/OpenGL.framework; sourceTree = SDKROOT; };
		7FC970E81C71C6E300641699 /* MyOpenGLView.m */ = {isa = PBXFileReference; fileEncoding = 4; lastKnownFileType = sourcecode.c.objc; path = MyOpenGLView.m; sourceTree = "<group>"; };
		7FC970EA1C71C70A00641699 /* MyOpenGLView.h */ = {isa = PBXFileReference; lastKnownFileType = sourcecode.c.h; path = MyOpenGLView.h; sourceTree = "<group>"; };
/* End PBXFileReference section */

/* Begin PBXFrameworksBuildPhase section */
		7FC970CF1C71C62600641699 /* Frameworks */ = {
			isa = PBXFrameworksBuildPhase;
			buildActionMask = 2147483647;
			files = (
				7FC970E71C71C63E00641699 /* OpenGL.framework in Frameworks */,
			);
			runOnlyForDeploymentPostprocessing = 0;
		};
/* End PBXFrameworksBuildPhase section */

/* Begin PBXGroup section */
		7FC970C91C71C62600641699 = {
			isa = PBXGroup;
			children = (
				7FC970E61C71C63E00641699 /* OpenGL.framework */,
				7FC970D41C71C62600641699 /* GoldenTriangle */,
				7FC970D31C71C62600641699 /* Products */,
			);
			sourceTree = "<group>";
		};
		7FC970D31C71C62600641699 /* Products */ = {
			isa = PBXGroup;
			children = (
				7FC970D21C71C62600641699 /* GoldenTriangle.app */,
			);
			name = Products;
			sourceTree = "<group>";
		};
		7FC970D41C71C62600641699 /* GoldenTriangle */ = {
			isa = PBXGroup;
			children = (
				7FC970D51C71C62600641699 /* AppDelegate.h */,
				7FC970D61C71C62600641699 /* AppDelegate.m */,
				7FC970DB1C71C62600641699 /* Assets.xcassets */,
				7FC970DD1C71C62600641699 /* MainMenu.xib */,
				7FC970E01C71C62600641699 /* Info.plist */,
				7FC970D81C71C62600641699 /* Supporting Files */,
				7FC970E81C71C6E300641699 /* MyOpenGLView.m */,
				7FC970EA1C71C70A00641699 /* MyOpenGLView.h */,
			);
			path = GoldenTriangle;
			sourceTree = "<group>";
		};
		7FC970D81C71C62600641699 /* Supporting Files */ = {
			isa = PBXGroup;
			children = (
				7FC970D91C71C62600641699 /* main.m */,
			);
			name = "Supporting Files";
			sourceTree = "<group>";
		};
/* End PBXGroup section */

/* Begin PBXNativeTarget section */
		7FC970D11C71C62600641699 /* GoldenTriangle */ = {
			isa = PBXNativeTarget;
			buildConfigurationList = 7FC970E31C71C62600641699 /* Build configuration list for PBXNativeTarget "GoldenTriangle" */;
			buildPhases = (
				7FC970CE1C71C62600641699 /* Sources */,
				7FC970CF1C71C62600641699 /* Frameworks */,
				7FC970D01C71C62600641699 /* Resources */,
			);
			buildRules = (
			);
			dependencies = (
			);
			name = GoldenTriangle;
			productName = GoldenTriangle;
			productReference = 7FC970D21C71C62600641699 /* GoldenTriangle.app */;
			productType = "com.apple.product-type.application";
		};
/* End PBXNativeTarget section */

/* Begin PBXProject section */
		7FC970CA1C71C62600641699 /* Project object */ = {
			isa = PBXProject;
			attributes = {
				LastUpgradeCheck = 0720;
				ORGANIZATIONNAME = Test;
				TargetAttributes = {
					7FC970D11C71C62600641699 = {
						CreatedOnToolsVersion = 7.2.1;
					};
				};
			};
			buildConfigurationList = 7FC970CD1C71C62600641699 /* Build configuration list for PBXProject "GoldenTriangle" */;
			compatibilityVersion = "Xcode 3.2";
			developmentRegion = English;
			hasScannedForEncodings = 0;
			knownRegions = (
				en,
				Base,
			);
			mainGroup = 7FC970C91C71C62600641699;
			productRefGroup = 7FC970D31C71C62600641699 /* Products */;
			projectDirPath = "";
			projectRoot = "";
			targets = (
				7FC970D11C71C62600641699 /* GoldenTriangle */,
			);
		};
/* End PBXProject section */

/* Begin PBXResourcesBuildPhase section */
		7FC970D01C71C62600641699 /* Resources */ = {
			isa = PBXResourcesBuildPhase;
			buildActionMask = 2147483647;
			files = (
				7FC970DC1C71C62600641699 /* Assets.xcassets in Resources */,
				7FC970DF1C71C62600641699 /* MainMenu.xib in Resources */,
			);
			runOnlyForDeploymentPostprocessing = 0;
		};
/* End PBXResourcesBuildPhase section */

/* Begin PBXSourcesBuildPhase section */
		7FC970CE1C71C62600641699 /* Sources */ = {
			isa = PBXSourcesBuildPhase;
			buildActionMask = 2147483647;
			files = (
				7FC970DA1C71C62600641699 /* main.m in Sources */,
				7FC970D71C71C62600641699 /* AppDelegate.m in Sources */,
				7FC970E91C71C6E300641699 /* MyOpenGLView.m in Sources */,
			);
			runOnlyForDeploymentPostprocessing = 0;
		};
/* End PBXSourcesBuildPhase section */

/* Begin PBXVariantGroup section */
		7FC970DD1C71C62600641699 /* MainMenu.xib */ = {
			isa = PBXVariantGroup;
			children = (
				7FC970DE1C71C62600641699 /* Base */,
			);
			name = MainMenu.xib;
			sourceTree = "<group>";
		};
/* End PBXVariantGroup section */

/* Begin XCBuildConfiguration section */
		7FC970E11C71C62600641699 /* Debug */ = {
			isa = XCBuildConfiguration;
			buildSettings = {
				ALWAYS_SEARCH_USER_PATHS = NO;
				CLANG_CXX_LANGUAGE_STANDARD = "gnu++0x";
				CLANG_CXX_LIBRARY = "libc++";
				CLANG_ENABLE_MODULES = YES;
				CLANG_ENABLE_OBJC_ARC = YES;
				CLANG_WARN_BOOL_CONVERSION = YES;
				CLANG_WARN_CONSTANT_CONVERSION = YES;
				CLANG_WARN_DIRECT_OBJC_ISA_USAGE = YES_ERROR;
				CLANG_WARN_EMPTY_BODY = YES;
				CLANG_WARN_ENUM_CONVERSION = YES;
				CLANG_WARN_INT_CONVERSION = YES;
				CLANG_WARN_OBJC_ROOT_CLASS = YES_ERROR;
				CLANG_WARN_UNREACHABLE_CODE = YES;
				CLANG_WARN__DUPLICATE_METHOD_MATCH = YES;
				CODE_SIGN_IDENTITY = "-";
				COPY_PHASE_STRIP = NO;
				DEBUG_INFORMATION_FORMAT = dwarf;
				ENABLE_STRICT_OBJC_MSGSEND = YES;
				ENABLE_TESTABILITY = YES;
				GCC_C_LANGUAGE_STANDARD = gnu99;
				GCC_DYNAMIC_NO_PIC = NO;
				GCC_NO_COMMON_BLOCKS = YES;
				GCC_OPTIMIZATION_LEVEL = 0;
				GCC_PREPROCESSOR_DEFINITIONS = (
					"DEBUG=1",
					"$(inherited)",
				);
				GCC_WARN_64_TO_32_BIT_CONVERSION = YES;
				GCC_WARN_ABOUT_RETURN_TYPE = YES_ERROR;
				GCC_WARN_UNDECLARED_SELECTOR = YES;
				GCC_WARN_UNINITIALIZED_AUTOS = YES_AGGRESSIVE;
				GCC_WARN_UNUSED_FUNCTION = YES;
				GCC_WARN_UNUSED_VARIABLE = YES;
				MACOSX_DEPLOYMENT_TARGET = 10.11;
				MTL_ENABLE_DEBUG_INFO = YES;
				ONLY_ACTIVE_ARCH = YES;
				SDKROOT = macosx;
			};
			name = Debug;
		};
		7FC970E21C71C62600641699 /* Release */ = {
			isa = XCBuildConfiguration;
			buildSettings = {
				ALWAYS_SEARCH_USER_PATHS = NO;
				CLANG_CXX_LANGUAGE_STANDARD = "gnu++0x";
				CLANG_CXX_LIBRARY = "libc++";
				CLANG_ENABLE_MODULES = YES;
				CLANG_ENABLE_OBJC_ARC = YES;
				CLANG_WARN_BOOL_CONVERSION = YES;
				CLANG_WARN_CONSTANT_CONVERSION = YES;
				CLANG_WARN_DIRECT_OBJC_ISA_USAGE = YES_ERROR;
				CLANG_WARN_EMPTY_BODY = YES;
				CLANG_WARN_ENUM_CONVERSION = YES;
				CLANG_WARN_INT_CONVERSION = YES;
				CLANG_WARN_OBJC_ROOT_CLASS = YES_ERROR;
				CLANG_WARN_UNREACHABLE_CODE = YES;
				CLANG_WARN__DUPLICATE_METHOD_MATCH = YES;
				CODE_SIGN_IDENTITY = "-";
				COPY_PHASE_STRIP = NO;
				DEBUG_INFORMATION_FORMAT = "dwarf-with-dsym";
				ENABLE_NS_ASSERTIONS = NO;
				ENABLE_STRICT_OBJC_MSGSEND = YES;
				GCC_C_LANGUAGE_STANDARD = gnu99;
				GCC_NO_COMMON_BLOCKS = YES;
				GCC_WARN_64_TO_32_BIT_CONVERSION = YES;
				GCC_WARN_ABOUT_RETURN_TYPE = YES_ERROR;
				GCC_WARN_UNDECLARED_SELECTOR = YES;
				GCC_WARN_UNINITIALIZED_AUTOS = YES_AGGRESSIVE;
				GCC_WARN_UNUSED_FUNCTION = YES;
				GCC_WARN_UNUSED_VARIABLE = YES;
				MACOSX_DEPLOYMENT_TARGET = 10.11;
				MTL_ENABLE_DEBUG_INFO = NO;
				SDKROOT = macosx;
			};
			name = Release;
		};
		7FC970E41C71C62600641699 /* Debug */ = {
			isa = XCBuildConfiguration;
			buildSettings = {
				ASSETCATALOG_COMPILER_APPICON_NAME = AppIcon;
				COMBINE_HIDPI_IMAGES = YES;
				INFOPLIST_FILE = GoldenTriangle/Info.plist;
				LD_RUNPATH_SEARCH_PATHS = "$(inherited) @executable_path/../Frameworks";
				PRODUCT_BUNDLE_IDENTIFIER = Test.GoldenTriangle;
				PRODUCT_NAME = "$(TARGET_NAME)";
			};
			name = Debug;
		};
		7FC970E51C71C62600641699 /* Release */ = {
			isa = XCBuildConfiguration;
			buildSettings = {
				ASSETCATALOG_COMPILER_APPICON_NAME = AppIcon;
				COMBINE_HIDPI_IMAGES = YES;
				INFOPLIST_FILE = GoldenTriangle/Info.plist;
				LD_RUNPATH_SEARCH_PATHS = "$(inherited) @executable_path/../Frameworks";
				PRODUCT_BUNDLE_IDENTIFIER = Test.GoldenTriangle;
				PRODUCT_NAME = "$(TARGET_NAME)";
			};
			name = Release;
		};
/* End XCBuildConfiguration section */

/* Begin XCConfigurationList section */
		7FC970CD1C71C62600641699 /* Build configuration list for PBXProject "GoldenTriangle" */ = {
			isa = XCConfigurationList;
			buildConfigurations = (
				7FC970E11C71C62600641699 /* Debug */,
				7FC970E21C71C62600641699 /* Release */,
			);
			defaultConfigurationIsVisible = 0;
			defaultConfigurationName = Release;
		};
		7FC970E31C71C62600641699 /* Build configuration list for PBXNativeTarget "GoldenTriangle" */ = {
			isa = XCConfigurationList;
			buildConfigurations = (
				7FC970E41C71C62600641699 /* Debug */,
				7FC970E51C71C62600641699 /* Release */,
			);
			defaultConfigurationIsVisible = 0;
		};
/* End XCConfigurationList section */
	};
	rootObject = 7FC970CA1C71C62600641699 /* Project object */;
}
